
Microsoft Visual Studio Solution File, Format Version 12.00
# Visual Studio 14
VisualStudioVersion = 14.0.25420.1
MinimumVisualStudioVersion = 10.0.40219.1
Project("{8BC9CEB8-8B4A-11D0-8D11-00A0C91BC942}") = "accesstest", "..\access\access_vc9.vcxproj", "{5A1A517F-1950-5002-AC67-E55032EC5AF5}"
EndProject
Project("{8BC9CEB8-8B4A-11D0-8D11-00A0C91BC942}") = "anitest", "..\animate\anitest_vc9.vcxproj", "{2389AD3D-A691-583E-8FE0-65993051AB61}"
EndProject
Project("{8BC9CEB8-8B4A-11D0-8D11-00A0C91BC942}") = "clipboard", "..\clipboard\clipboard_vc9.vcxproj", "{7C87AF95-5AA9-5093-8904-FB0D767E9281}"
EndProject
Project("{8BC9CEB8-8B4A-11D0-8D11-00A0C91BC942}") = "calendar", "..\calendar\calendar_vc9.vcxproj", "{78A4E022-FA35-51A2-8D55-D450D0877426}"
EndProject
Project("{8BC9CEB8-8B4A-11D0-8D11-00A0C91BC942}") = "thread", "..\thread\thread_vc9.vcxproj", "{8CC2B40D-76F5-5F03-8B79-C490BF1F8A55}"
EndProject
Project("{8BC9CEB8-8B4A-11D0-8D11-00A0C91BC942}") = "dragimag", "..\dragimag\dragimag_vc9.vcxproj", "{C36DCE8A-6313-56D2-BCA2-667ECBECCE05}"
EndProject
Project("{8BC9CEB8-8B4A-11D0-8D11-00A0C91BC942}") = "dataview", "..\dataview\dataview_vc9.vcxproj", "{985E8787-54F8-5617-98F7-E47C02DFDEB5}"
EndProject
Project("{8BC9CEB8-8B4A-11D0-8D11-00A0C91BC942}") = "debugrpt", "..\debugrpt\debugrpt_vc9.vcxproj", "{FB37238F-DEDB-55E9-B6B3-86862ED82C17}"
EndProject
Project("{8BC9CEB8-8B4A-11D0-8D11-00A0C91BC942}") = "my_dll", "..\dll\dll_vc9_my_dll.vcxproj", "{546E5D91-8631-5380-BF07-6CC3AAF357B3}"
EndProject
Project("{8BC9CEB8-8B4A-11D0-8D11-00A0C91BC942}") = "sdk_exe", "..\dll\dll_vc9_sdk_exe.vcxproj", "{8D752958-F793-5291-94FF-884F1999D773}"
EndProject
Project("{8BC9CEB8-8B4A-11D0-8D11-00A0C91BC942}") = "wx_exe", "..\dll\dll_vc9_wx_exe.vcxproj", "{20A32CF5-BEBF-5B60-A106-F670A2CDF989}"
EndProject
Global
	GlobalSection(SolutionConfigurationPlatforms) = preSolution
		Debug|x64 = Debug|x64
		Debug|x86 = Debug|x86
		DLL Debug|x64 = DLL Debug|x64
		DLL Debug|x86 = DLL Debug|x86
		DLL Release|x64 = DLL Release|x64
		DLL Release|x86 = DLL Release|x86
		Release|x64 = Release|x64
		Release|x86 = Release|x86
	EndGlobalSection
	GlobalSection(ProjectConfigurationPlatforms) = postSolution
		{5A1A517F-1950-5002-AC67-E55032EC5AF5}.Debug|x64.ActiveCfg = Debug|x64
		{5A1A517F-1950-5002-AC67-E55032EC5AF5}.Debug|x64.Build.0 = Debug|x64
		{5A1A517F-1950-5002-AC67-E55032EC5AF5}.Debug|x86.ActiveCfg = Debug|Win32
		{5A1A517F-1950-5002-AC67-E55032EC5AF5}.Debug|x86.Build.0 = Debug|Win32
		{5A1A517F-1950-5002-AC67-E55032EC5AF5}.DLL Debug|x64.ActiveCfg = DLL Debug|x64
		{5A1A517F-1950-5002-AC67-E55032EC5AF5}.DLL Debug|x64.Build.0 = DLL Debug|x64
		{5A1A517F-1950-5002-AC67-E55032EC5AF5}.DLL Debug|x86.ActiveCfg = DLL Debug|Win32
		{5A1A517F-1950-5002-AC67-E55032EC5AF5}.DLL Debug|x86.Build.0 = DLL Debug|Win32
		{5A1A517F-1950-5002-AC67-E55032EC5AF5}.DLL Release|x64.ActiveCfg = DLL Release|x64
		{5A1A517F-1950-5002-AC67-E55032EC5AF5}.DLL Release|x64.Build.0 = DLL Release|x64
		{5A1A517F-1950-5002-AC67-E55032EC5AF5}.DLL Release|x86.ActiveCfg = DLL Release|Win32
		{5A1A517F-1950-5002-AC67-E55032EC5AF5}.DLL Release|x86.Build.0 = DLL Release|Win32
		{5A1A517F-1950-5002-AC67-E55032EC5AF5}.Release|x64.ActiveCfg = Release|x64
		{5A1A517F-1950-5002-AC67-E55032EC5AF5}.Release|x64.Build.0 = Release|x64
		{5A1A517F-1950-5002-AC67-E55032EC5AF5}.Release|x86.ActiveCfg = Release|Win32
		{5A1A517F-1950-5002-AC67-E55032EC5AF5}.Release|x86.Build.0 = Release|Win32
		{2389AD3D-A691-583E-8FE0-65993051AB61}.Debug|x64.ActiveCfg = Debug|x64
		{2389AD3D-A691-583E-8FE0-65993051AB61}.Debug|x64.Build.0 = Debug|x64
		{2389AD3D-A691-583E-8FE0-65993051AB61}.Debug|x86.ActiveCfg = Debug|Win32
		{2389AD3D-A691-583E-8FE0-65993051AB61}.Debug|x86.Build.0 = Debug|Win32
		{2389AD3D-A691-583E-8FE0-65993051AB61}.DLL Debug|x64.ActiveCfg = DLL Debug|x64
		{2389AD3D-A691-583E-8FE0-65993051AB61}.DLL Debug|x64.Build.0 = DLL Debug|x64
		{2389AD3D-A691-583E-8FE0-65993051AB61}.DLL Debug|x86.ActiveCfg = DLL Debug|Win32
		{2389AD3D-A691-583E-8FE0-65993051AB61}.DLL Debug|x86.Build.0 = DLL Debug|Win32
		{2389AD3D-A691-583E-8FE0-65993051AB61}.DLL Release|x64.ActiveCfg = DLL Release|x64
		{2389AD3D-A691-583E-8FE0-65993051AB61}.DLL Release|x64.Build.0 = DLL Release|x64
		{2389AD3D-A691-583E-8FE0-65993051AB61}.DLL Release|x86.ActiveCfg = DLL Release|Win32
		{2389AD3D-A691-583E-8FE0-65993051AB61}.DLL Release|x86.Build.0 = DLL Release|Win32
		{2389AD3D-A691-583E-8FE0-65993051AB61}.Release|x64.ActiveCfg = Release|x64
		{2389AD3D-A691-583E-8FE0-65993051AB61}.Release|x64.Build.0 = Release|x64
		{2389AD3D-A691-583E-8FE0-65993051AB61}.Release|x86.ActiveCfg = Release|Win32
		{2389AD3D-A691-583E-8FE0-65993051AB61}.Release|x86.Build.0 = Release|Win32
		{7C87AF95-5AA9-5093-8904-FB0D767E9281}.Debug|x64.ActiveCfg = Debug|x64
		{7C87AF95-5AA9-5093-8904-FB0D767E9281}.Debug|x64.Build.0 = Debug|x64
		{7C87AF95-5AA9-5093-8904-FB0D767E9281}.Debug|x86.ActiveCfg = Debug|Win32
		{7C87AF95-5AA9-5093-8904-FB0D767E9281}.Debug|x86.Build.0 = Debug|Win32
		{7C87AF95-5AA9-5093-8904-FB0D767E9281}.DLL Debug|x64.ActiveCfg = DLL Debug|x64
		{7C87AF95-5AA9-5093-8904-FB0D767E9281}.DLL Debug|x64.Build.0 = DLL Debug|x64
		{7C87AF95-5AA9-5093-8904-FB0D767E9281}.DLL Debug|x86.ActiveCfg = DLL Debug|Win32
		{7C87AF95-5AA9-5093-8904-FB0D767E9281}.DLL Debug|x86.Build.0 = DLL Debug|Win32
		{7C87AF95-5AA9-5093-8904-FB0D767E9281}.DLL Release|x64.ActiveCfg = DLL Release|x64
		{7C87AF95-5AA9-5093-8904-FB0D767E9281}.DLL Release|x64.Build.0 = DLL Release|x64
		{7C87AF95-5AA9-5093-8904-FB0D767E9281}.DLL Release|x86.ActiveCfg = DLL Release|Win32
		{7C87AF95-5AA9-5093-8904-FB0D767E9281}.DLL Release|x86.Build.0 = DLL Release|Win32
		{7C87AF95-5AA9-5093-8904-FB0D767E9281}.Release|x64.ActiveCfg = Release|x64
		{7C87AF95-5AA9-5093-8904-FB0D767E9281}.Release|x64.Build.0 = Release|x64
		{7C87AF95-5AA9-5093-8904-FB0D767E9281}.Release|x86.ActiveCfg = Release|Win32
		{7C87AF95-5AA9-5093-8904-FB0D767E9281}.Release|x86.Build.0 = Release|Win32
		{78A4E022-FA35-51A2-8D55-D450D0877426}.Debug|x64.ActiveCfg = Debug|x64
		{78A4E022-FA35-51A2-8D55-D450D0877426}.Debug|x64.Build.0 = Debug|x64
		{78A4E022-FA35-51A2-8D55-D450D0877426}.Debug|x86.ActiveCfg = Debug|Win32
		{78A4E022-FA35-51A2-8D55-D450D0877426}.Debug|x86.Build.0 = Debug|Win32
		{78A4E022-FA35-51A2-8D55-D450D0877426}.DLL Debug|x64.ActiveCfg = DLL Debug|x64
		{78A4E022-FA35-51A2-8D55-D450D0877426}.DLL Debug|x64.Build.0 = DLL Debug|x64
		{78A4E022-FA35-51A2-8D55-D450D0877426}.DLL Debug|x86.ActiveCfg = DLL Debug|Win32
		{78A4E022-FA35-51A2-8D55-D450D0877426}.DLL Debug|x86.Build.0 = DLL Debug|Win32
		{78A4E022-FA35-51A2-8D55-D450D0877426}.DLL Release|x64.ActiveCfg = DLL Release|x64
		{78A4E022-FA35-51A2-8D55-D450D0877426}.DLL Release|x64.Build.0 = DLL Release|x64
		{78A4E022-FA35-51A2-8D55-D450D0877426}.DLL Release|x86.ActiveCfg = DLL Release|Win32
		{78A4E022-FA35-51A2-8D55-D450D0877426}.DLL Release|x86.Build.0 = DLL Release|Win32
		{78A4E022-FA35-51A2-8D55-D450D0877426}.Release|x64.ActiveCfg = Release|x64
		{78A4E022-FA35-51A2-8D55-D450D0877426}.Release|x64.Build.0 = Release|x64
		{78A4E022-FA35-51A2-8D55-D450D0877426}.Release|x86.ActiveCfg = Release|Win32
		{78A4E022-FA35-51A2-8D55-D450D0877426}.Release|x86.Build.0 = Release|Win32
		{8CC2B40D-76F5-5F03-8B79-C490BF1F8A55}.Debug|x64.ActiveCfg = Debug|x64
		{8CC2B40D-76F5-5F03-8B79-C490BF1F8A55}.Debug|x64.Build.0 = Debug|x64
		{8CC2B40D-76F5-5F03-8B79-C490BF1F8A55}.Debug|x86.ActiveCfg = Debug|Win32
		{8CC2B40D-76F5-5F03-8B79-C490BF1F8A55}.Debug|x86.Build.0 = Debug|Win32
		{8CC2B40D-76F5-5F03-8B79-C490BF1F8A55}.DLL Debug|x64.ActiveCfg = DLL Debug|x64
		{8CC2B40D-76F5-5F03-8B79-C490BF1F8A55}.DLL Debug|x64.Build.0 = DLL Debug|x64
		{8CC2B40D-76F5-5F03-8B79-C490BF1F8A55}.DLL Debug|x86.ActiveCfg = DLL Debug|Win32
		{8CC2B40D-76F5-5F03-8B79-C490BF1F8A55}.DLL Debug|x86.Build.0 = DLL Debug|Win32
		{8CC2B40D-76F5-5F03-8B79-C490BF1F8A55}.DLL Release|x64.ActiveCfg = DLL Release|x64
		{8CC2B40D-76F5-5F03-8B79-C490BF1F8A55}.DLL Release|x64.Build.0 = DLL Release|x64
		{8CC2B40D-76F5-5F03-8B79-C490BF1F8A55}.DLL Release|x86.ActiveCfg = DLL Release|Win32
		{8CC2B40D-76F5-5F03-8B79-C490BF1F8A55}.DLL Release|x86.Build.0 = DLL Release|Win32
		{8CC2B40D-76F5-5F03-8B79-C490BF1F8A55}.Release|x64.ActiveCfg = Release|x64
		{8CC2B40D-76F5-5F03-8B79-C490BF1F8A55}.Release|x64.Build.0 = Release|x64
		{8CC2B40D-76F5-5F03-8B79-C490BF1F8A55}.Release|x86.ActiveCfg = Release|Win32
		{8CC2B40D-76F5-5F03-8B79-C490BF1F8A55}.Release|x86.Build.0 = Release|Win32
		{C36DCE8A-6313-56D2-BCA2-667ECBECCE05}.Debug|x64.ActiveCfg = Debug|x64
		{C36DCE8A-6313-56D2-BCA2-667ECBECCE05}.Debug|x64.Build.0 = Debug|x64
		{C36DCE8A-6313-56D2-BCA2-667ECBECCE05}.Debug|x86.ActiveCfg = Debug|Win32
		{C36DCE8A-6313-56D2-BCA2-667ECBECCE05}.Debug|x86.Build.0 = Debug|Win32
		{C36DCE8A-6313-56D2-BCA2-667ECBECCE05}.DLL Debug|x64.ActiveCfg = DLL Debug|x64
		{C36DCE8A-6313-56D2-BCA2-667ECBECCE05}.DLL Debug|x64.Build.0 = DLL Debug|x64
		{C36DCE8A-6313-56D2-BCA2-667ECBECCE05}.DLL Debug|x86.ActiveCfg = DLL Debug|Win32
		{C36DCE8A-6313-56D2-BCA2-667ECBECCE05}.DLL Debug|x86.Build.0 = DLL Debug|Win32
		{C36DCE8A-6313-56D2-BCA2-667ECBECCE05}.DLL Release|x64.ActiveCfg = DLL Release|x64
		{C36DCE8A-6313-56D2-BCA2-667ECBECCE05}.DLL Release|x64.Build.0 = DLL Release|x64
		{C36DCE8A-6313-56D2-BCA2-667ECBECCE05}.DLL Release|x86.ActiveCfg = DLL Release|Win32
		{C36DCE8A-6313-56D2-BCA2-667ECBECCE05}.DLL Release|x86.Build.0 = DLL Release|Win32
		{C36DCE8A-6313-56D2-BCA2-667ECBECCE05}.Release|x64.ActiveCfg = Release|x64
		{C36DCE8A-6313-56D2-BCA2-667ECBECCE05}.Release|x64.Build.0 = Release|x64
		{C36DCE8A-6313-56D2-BCA2-667ECBECCE05}.Release|x86.ActiveCfg = Release|Win32
		{C36DCE8A-6313-56D2-BCA2-667ECBECCE05}.Release|x86.Build.0 = Release|Win32
		{985E8787-54F8-5617-98F7-E47C02DFDEB5}.Debug|x64.ActiveCfg = Debug|x64
		{985E8787-54F8-5617-98F7-E47C02DFDEB5}.Debug|x64.Build.0 = Debug|x64
		{985E8787-54F8-5617-98F7-E47C02DFDEB5}.Debug|x86.ActiveCfg = Debug|Win32
		{985E8787-54F8-5617-98F7-E47C02DFDEB5}.Debug|x86.Build.0 = Debug|Win32
		{985E8787-54F8-5617-98F7-E47C02DFDEB5}.DLL Debug|x64.ActiveCfg = DLL Debug|x64
		{985E8787-54F8-5617-98F7-E47C02DFDEB5}.DLL Debug|x64.Build.0 = DLL Debug|x64
		{985E8787-54F8-5617-98F7-E47C02DFDEB5}.DLL Debug|x86.ActiveCfg = DLL Debug|Win32
		{985E8787-54F8-5617-98F7-E47C02DFDEB5}.DLL Debug|x86.Build.0 = DLL Debug|Win32
		{985E8787-54F8-5617-98F7-E47C02DFDEB5}.DLL Release|x64.ActiveCfg = DLL Release|x64
		{985E8787-54F8-5617-98F7-E47C02DFDEB5}.DLL Release|x64.Build.0 = DLL Release|x64
		{985E8787-54F8-5617-98F7-E47C02DFDEB5}.DLL Release|x86.ActiveCfg = DLL Release|Win32
		{985E8787-54F8-5617-98F7-E47C02DFDEB5}.DLL Release|x86.Build.0 = DLL Release|Win32
		{985E8787-54F8-5617-98F7-E47C02DFDEB5}.Release|x64.ActiveCfg = Release|x64
		{985E8787-54F8-5617-98F7-E47C02DFDEB5}.Release|x64.Build.0 = Release|x64
		{985E8787-54F8-5617-98F7-E47C02DFDEB5}.Release|x86.ActiveCfg = Release|Win32
		{985E8787-54F8-5617-98F7-E47C02DFDEB5}.Release|x86.Build.0 = Release|Win32
		{FB37238F-DEDB-55E9-B6B3-86862ED82C17}.Debug|x64.ActiveCfg = Debug|x64
		{FB37238F-DEDB-55E9-B6B3-86862ED82C17}.Debug|x64.Build.0 = Debug|x64
		{FB37238F-DEDB-55E9-B6B3-86862ED82C17}.Debug|x86.ActiveCfg = Debug|Win32
		{FB37238F-DEDB-55E9-B6B3-86862ED82C17}.Debug|x86.Build.0 = Debug|Win32
		{FB37238F-DEDB-55E9-B6B3-86862ED82C17}.DLL Debug|x64.ActiveCfg = DLL Debug|x64
		{FB37238F-DEDB-55E9-B6B3-86862ED82C17}.DLL Debug|x64.Build.0 = DLL Debug|x64
		{FB37238F-DEDB-55E9-B6B3-86862ED82C17}.DLL Debug|x86.ActiveCfg = DLL Debug|Win32
		{FB37238F-DEDB-55E9-B6B3-86862ED82C17}.DLL Debug|x86.Build.0 = DLL Debug|Win32
		{FB37238F-DEDB-55E9-B6B3-86862ED82C17}.DLL Release|x64.ActiveCfg = DLL Release|x64
		{FB37238F-DEDB-55E9-B6B3-86862ED82C17}.DLL Release|x64.Build.0 = DLL Release|x64
		{FB37238F-DEDB-55E9-B6B3-86862ED82C17}.DLL Release|x86.ActiveCfg = DLL Release|Win32
		{FB37238F-DEDB-55E9-B6B3-86862ED82C17}.DLL Release|x86.Build.0 = DLL Release|Win32
		{FB37238F-DEDB-55E9-B6B3-86862ED82C17}.Release|x64.ActiveCfg = Release|x64
		{FB37238F-DEDB-55E9-B6B3-86862ED82C17}.Release|x64.Build.0 = Release|x64
		{FB37238F-DEDB-55E9-B6B3-86862ED82C17}.Release|x86.ActiveCfg = Release|Win32
		{FB37238F-DEDB-55E9-B6B3-86862ED82C17}.Release|x86.Build.0 = Release|Win32
		{546E5D91-8631-5380-BF07-6CC3AAF357B3}.Debug|x64.ActiveCfg = Debug|x64
		{546E5D91-8631-5380-BF07-6CC3AAF357B3}.Debug|x64.Build.0 = Debug|x64
		{546E5D91-8631-5380-BF07-6CC3AAF357B3}.Debug|x86.ActiveCfg = Debug|Win32
		{546E5D91-8631-5380-BF07-6CC3AAF357B3}.Debug|x86.Build.0 = Debug|Win32
		{546E5D91-8631-5380-BF07-6CC3AAF357B3}.DLL Debug|x64.ActiveCfg = DLL Debug|x64
		{546E5D91-8631-5380-BF07-6CC3AAF357B3}.DLL Debug|x64.Build.0 = DLL Debug|x64
		{546E5D91-8631-5380-BF07-6CC3AAF357B3}.DLL Debug|x86.ActiveCfg = DLL Debug|Win32
		{546E5D91-8631-5380-BF07-6CC3AAF357B3}.DLL Debug|x86.Build.0 = DLL Debug|Win32
		{546E5D91-8631-5380-BF07-6CC3AAF357B3}.DLL Release|x64.ActiveCfg = DLL Release|x64
		{546E5D91-8631-5380-BF07-6CC3AAF357B3}.DLL Release|x64.Build.0 = DLL Release|x64
		{546E5D91-8631-5380-BF07-6CC3AAF357B3}.DLL Release|x86.ActiveCfg = DLL Release|Win32
		{546E5D91-8631-5380-BF07-6CC3AAF357B3}.DLL Release|x86.Build.0 = DLL Release|Win32
		{546E5D91-8631-5380-BF07-6CC3AAF357B3}.Release|x64.ActiveCfg = Release|x64
		{546E5D91-8631-5380-BF07-6CC3AAF357B3}.Release|x64.Build.0 = Release|x64
		{546E5D91-8631-5380-BF07-6CC3AAF357B3}.Release|x86.ActiveCfg = Release|Win32
		{546E5D91-8631-5380-BF07-6CC3AAF357B3}.Release|x86.Build.0 = Release|Win32
		{8D752958-F793-5291-94FF-884F1999D773}.Debug|x64.ActiveCfg = Debug|x64
		{8D752958-F793-5291-94FF-884F1999D773}.Debug|x64.Build.0 = Debug|x64
		{8D752958-F793-5291-94FF-884F1999D773}.Debug|x86.ActiveCfg = Debug|Win32
		{8D752958-F793-5291-94FF-884F1999D773}.Debug|x86.Build.0 = Debug|Win32
		{8D752958-F793-5291-94FF-884F1999D773}.DLL Debug|x64.ActiveCfg = DLL Debug|x64
		{8D752958-F793-5291-94FF-884F1999D773}.DLL Debug|x64.Build.0 = DLL Debug|x64
		{8D752958-F793-5291-94FF-884F1999D773}.DLL Debug|x86.ActiveCfg = DLL Debug|Win32
		{8D752958-F793-5291-94FF-884F1999D773}.DLL Debug|x86.Build.0 = DLL Debug|Win32
		{8D752958-F793-5291-94FF-884F1999D773}.DLL Release|x64.ActiveCfg = DLL Release|x64
		{8D752958-F793-5291-94FF-884F1999D773}.DLL Release|x64.Build.0 = DLL Release|x64
		{8D752958-F793-5291-94FF-884F1999D773}.DLL Release|x86.ActiveCfg = DLL Release|Win32
		{8D752958-F793-5291-94FF-884F1999D773}.DLL Release|x86.Build.0 = DLL Release|Win32
		{8D752958-F793-5291-94FF-884F1999D773}.Release|x64.ActiveCfg = Release|x64
		{8D752958-F793-5291-94FF-884F1999D773}.Release|x64.Build.0 = Release|x64
		{8D752958-F793-5291-94FF-884F1999D773}.Release|x86.ActiveCfg = Release|Win32
		{8D752958-F793-5291-94FF-884F1999D773}.Release|x86.Build.0 = Release|Win32
		{20A32CF5-BEBF-5B60-A106-F670A2CDF989}.Debug|x64.ActiveCfg = Debug|x64
		{20A32CF5-BEBF-5B60-A106-F670A2CDF989}.Debug|x64.Build.0 = Debug|x64
		{20A32CF5-BEBF-5B60-A106-F670A2CDF989}.Debug|x86.ActiveCfg = Debug|Win32
		{20A32CF5-BEBF-5B60-A106-F670A2CDF989}.Debug|x86.Build.0 = Debug|Win32
		{20A32CF5-BEBF-5B60-A106-F670A2CDF989}.DLL Debug|x64.ActiveCfg = Debug|x64
		{20A32CF5-BEBF-5B60-A106-F670A2CDF989}.DLL Debug|x64.Build.0 = Debug|x64
		{20A32CF5-BEBF-5B60-A106-F670A2CDF989}.DLL Debug|x86.ActiveCfg = Debug|Win32
		{20A32CF5-BEBF-5B60-A106-F670A2CDF989}.DLL Debug|x86.Build.0 = Debug|Win32
		{20A32CF5-BEBF-5B60-A106-F670A2CDF989}.DLL Release|x64.ActiveCfg = Release|x64
		{20A32CF5-BEBF-5B60-A106-F670A2CDF989}.DLL Release|x64.Build.0 = Release|x64
		{20A32CF5-BEBF-5B60-A106-F670A2CDF989}.DLL Release|x86.ActiveCfg = Release|Win32
		{20A32CF5-BEBF-5B60-A106-F670A2CDF989}.DLL Release|x86.Build.0 = Release|Win32
		{20A32CF5-BEBF-5B60-A106-F670A2CDF989}.Release|x64.ActiveCfg = Release|x64
		{20A32CF5-BEBF-5B60-A106-F670A2CDF989}.Release|x64.Build.0 = Release|x64
		{20A32CF5-BEBF-5B60-A106-F670A2CDF989}.Release|x86.ActiveCfg = Release|Win32
		{20A32CF5-BEBF-5B60-A106-F670A2CDF989}.Release|x86.Build.0 = Release|Win32
	EndGlobalSection
	GlobalSection(SolutionProperties) = preSolution
		HideSolutionNode = FALSE
	EndGlobalSection
EndGlobal
