<?xml version="1.0" encoding="utf-8"?>
<Project ToolsVersion="4.0" xmlns="http://schemas.microsoft.com/developer/msbuild/2003">
  <ItemGroup>
    <Filter Include="Source Files">
      <UniqueIdentifier>{4FC737F1-C7A5-4376-A066-2A32D752A2FF}</UniqueIdentifier>
      <Extensions>cpp;c;cc;cxx;def;odl;idl;hpj;bat;asm;asmx</Extensions>
    </Filter>
    <Filter Include="Header Files">
      <UniqueIdentifier>{93995380-89BD-4b04-88EB-625FBE52EBFB}</UniqueIdentifier>
      <Extensions>h;hh;hpp;hxx;hm;inl;inc;xsd</Extensions>
    </Filter>
    <Filter Include="asm">
      <UniqueIdentifier>{d2f39f49-768c-4f9e-8aeb-95ac52eac8f1}</UniqueIdentifier>
    </Filter>
    <Filter Include="input">
      <UniqueIdentifier>{d883586e-d9ba-426b-9727-45cdd8e4d4e4}</UniqueIdentifier>
    </Filter>
    <Filter Include="output">
      <UniqueIdentifier>{fca901fe-4ca3-441c-ad7a-90436985df60}</UniqueIdentifier>
    </Filter>
    <Filter Include="objs">
      <UniqueIdentifier>{d1c8d237-7c53-4e8d-b814-9cc6cc1d3f54}</UniqueIdentifier>
    </Filter>
  </ItemGroup>
  <ItemGroup>
    <ClCompile Include="..\src\analysis.cpp">
      <Filter>Source Files</Filter>
    </ClCompile>
    <ClCompile Include="..\src\api.cpp">
      <Filter>Source Files</Filter>
    </ClCompile>
    <ClCompile Include="..\src\bitcost.cpp">
      <Filter>Source Files</Filter>
    </ClCompile>
    <ClCompile Include="..\src\bitstream.cpp">
      <Filter>Source Files</Filter>
    </ClCompile>
    <ClCompile Include="..\src\common.cpp">
      <Filter>Source Files</Filter>
    </ClCompile>
    <ClCompile Include="..\src\constants.cpp">
      <Filter>Source Files</Filter>
    </ClCompile>
    <ClCompile Include="..\src\cpu.cpp">
      <Filter>Source Files</Filter>
    </ClCompile>
    <ClCompile Include="..\src\cudata.cpp">
      <Filter>Source Files</Filter>
    </ClCompile>
    <ClCompile Include="..\src\dct.cpp">
      <Filter>Source Files</Filter>
    </ClCompile>
    <ClCompile Include="..\src\deblock.cpp">
      <Filter>Source Files</Filter>
    </ClCompile>
    <ClCompile Include="..\src\dpb.cpp">
      <Filter>Source Files</Filter>
    </ClCompile>
    <ClCompile Include="..\src\encoder.cpp">
      <Filter>Source Files</Filter>
    </ClCompile>
    <ClCompile Include="..\src\entropy.cpp">
      <Filter>Source Files</Filter>
    </ClCompile>
    <ClCompile Include="..\src\frame.cpp">
      <Filter>Source Files</Filter>
    </ClCompile>
    <ClCompile Include="..\src\framedata.cpp">
      <Filter>Source Files</Filter>
    </ClCompile>
    <ClCompile Include="..\src\frameencoder.cpp">
      <Filter>Source Files</Filter>
    </ClCompile>
    <ClCompile Include="..\src\framefilter.cpp">
      <Filter>Source Files</Filter>
    </ClCompile>
    <ClCompile Include="..\src\intrapred.cpp">
      <Filter>Source Files</Filter>
    </ClCompile>
    <ClCompile Include="..\src\ipfilter.cpp">
      <Filter>Source Files</Filter>
    </ClCompile>
    <ClCompile Include="..\src\level.cpp">
      <Filter>Source Files</Filter>
    </ClCompile>
    <ClCompile Include="..\src\loopfilter.cpp">
      <Filter>Source Files</Filter>
    </ClCompile>
    <ClCompile Include="..\src\lowres.cpp">
      <Filter>Source Files</Filter>
    </ClCompile>
    <ClCompile Include="..\src\md5.cpp">
      <Filter>Source Files</Filter>
    </ClCompile>
    <ClCompile Include="..\src\motion.cpp">
      <Filter>Source Files</Filter>
    </ClCompile>
    <ClCompile Include="..\src\nal.cpp">
      <Filter>Source Files</Filter>
    </ClCompile>
    <ClCompile Include="..\src\param.cpp">
      <Filter>Source Files</Filter>
    </ClCompile>
    <ClCompile Include="..\src\piclist.cpp">
      <Filter>Source Files</Filter>
    </ClCompile>
    <ClCompile Include="..\src\picyuv.cpp">
      <Filter>Source Files</Filter>
    </ClCompile>
    <ClCompile Include="..\src\pixel.cpp">
      <Filter>Source Files</Filter>
    </ClCompile>
    <ClCompile Include="..\src\predict.cpp">
      <Filter>Source Files</Filter>
    </ClCompile>
    <ClCompile Include="..\src\primitives.cpp">
      <Filter>Source Files</Filter>
    </ClCompile>
    <ClCompile Include="..\src\quant.cpp">
      <Filter>Source Files</Filter>
    </ClCompile>
    <ClCompile Include="..\src\ratecontrol.cpp">
      <Filter>Source Files</Filter>
    </ClCompile>
    <ClCompile Include="..\src\reference.cpp">
      <Filter>Source Files</Filter>
    </ClCompile>
    <ClCompile Include="..\src\sao.cpp">
      <Filter>Source Files</Filter>
    </ClCompile>
    <ClCompile Include="..\src\scalinglist.cpp">
      <Filter>Source Files</Filter>
    </ClCompile>
    <ClCompile Include="..\src\search.cpp">
      <Filter>Source Files</Filter>
    </ClCompile>
    <ClCompile Include="..\src\sei.cpp">
      <Filter>Source Files</Filter>
    </ClCompile>
    <ClCompile Include="..\src\shortyuv.cpp">
      <Filter>Source Files</Filter>
    </ClCompile>
    <ClCompile Include="..\src\slice.cpp">
      <Filter>Source Files</Filter>
    </ClCompile>
    <ClCompile Include="..\src\slicetype.cpp">
      <Filter>Source Files</Filter>
    </ClCompile>
    <ClCompile Include="..\src\threading.cpp">
      <Filter>Source Files</Filter>
    </ClCompile>
    <ClCompile Include="..\src\threadpool.cpp">
      <Filter>Source Files</Filter>
    </ClCompile>
    <ClCompile Include="..\src\version.cpp">
      <Filter>Source Files</Filter>
    </ClCompile>
    <ClCompile Include="..\src\wavefront.cpp">
      <Filter>Source Files</Filter>
    </ClCompile>
    <ClCompile Include="..\src\weightPrediction.cpp">
      <Filter>Source Files</Filter>
    </ClCompile>
    <ClCompile Include="..\src\x265.cpp">
      <Filter>Source Files</Filter>
    </ClCompile>
    <ClCompile Include="..\src\x265-extras.cpp">
      <Filter>Source Files</Filter>
    </ClCompile>
    <ClCompile Include="..\src\getopt.c">
      <Filter>Source Files</Filter>
    </ClCompile>
    <ClCompile Include="..\output\output.cpp">
      <Filter>output</Filter>
    </ClCompile>
    <ClCompile Include="..\output\raw.cpp">
      <Filter>output</Filter>
    </ClCompile>
    <ClCompile Include="..\output\reconplay.cpp">
      <Filter>output</Filter>
    </ClCompile>
    <ClCompile Include="..\input\input.cpp">
      <Filter>input</Filter>
    </ClCompile>
    <ClCompile Include="..\src\winxp.cpp">
      <Filter>Source Files</Filter>
    </ClCompile>
    <ClCompile Include="..\src\yuv.cpp">
      <Filter>Source Files</Filter>
    </ClCompile>
    <ClCompile Include="..\output\outputyuv.cpp">
      <Filter>output</Filter>
    </ClCompile>
    <ClCompile Include="..\output\outputy4m.cpp">
      <Filter>output</Filter>
    </ClCompile>
    <ClCompile Include="..\input\inputyuv.cpp">
      <Filter>input</Filter>
    </ClCompile>
    <ClCompile Include="..\input\inputy4m.cpp">
      <Filter>input</Filter>
    </ClCompile>
  </ItemGroup>
  <ItemGroup>
    <ClInclude Include="..\include\analysis.h">
      <Filter>Header Files</Filter>
    </ClInclude>
    <ClInclude Include="..\include\bitcost.h">
      <Filter>Header Files</Filter>
    </ClInclude>
    <ClInclude Include="..\include\bitstream.h">
      <Filter>Header Files</Filter>
    </ClInclude>
    <ClInclude Include="..\include\blockcopy8.h">
      <Filter>Header Files</Filter>
    </ClInclude>
    <ClInclude Include="..\include\common.h">
      <Filter>Header Files</Filter>
    </ClInclude>
    <ClInclude Include="..\include\constants.h">
      <Filter>Header Files</Filter>
    </ClInclude>
    <ClInclude Include="..\include\contexts.h">
      <Filter>Header Files</Filter>
    </ClInclude>
    <ClInclude Include="..\include\cpu.h">
      <Filter>Header Files</Filter>
    </ClInclude>
    <ClInclude Include="..\include\cudata.h">
      <Filter>Header Files</Filter>
    </ClInclude>
    <ClInclude Include="..\include\dct8.h">
      <Filter>Header Files</Filter>
    </ClInclude>
    <ClInclude Include="..\include\deblock.h">
      <Filter>Header Files</Filter>
    </ClInclude>
    <ClInclude Include="..\include\dpb.h">
      <Filter>Header Files</Filter>
    </ClInclude>
    <ClInclude Include="..\include\encoder.h">
      <Filter>Header Files</Filter>
    </ClInclude>
    <ClInclude Include="..\include\entropy.h">
      <Filter>Header Files</Filter>
    </ClInclude>
    <ClInclude Include="..\include\frame.h">
      <Filter>Header Files</Filter>
    </ClInclude>
    <ClInclude Include="..\include\framedata.h">
      <Filter>Header Files</Filter>
    </ClInclude>
    <ClInclude Include="..\include\frameencoder.h">
      <Filter>Header Files</Filter>
    </ClInclude>
    <ClInclude Include="..\include\framefilter.h">
      <Filter>Header Files</Filter>
    </ClInclude>
    <ClInclude Include="..\include\intrapred.h">
      <Filter>Header Files</Filter>
    </ClInclude>
    <ClInclude Include="..\include\ipfilter8.h">
      <Filter>Header Files</Filter>
    </ClInclude>
    <ClInclude Include="..\include\level.h">
      <Filter>Header Files</Filter>
    </ClInclude>
    <ClInclude Include="..\include\loopfilter.h">
      <Filter>Header Files</Filter>
    </ClInclude>
    <ClInclude Include="..\include\lowres.h">
      <Filter>Header Files</Filter>
    </ClInclude>
    <ClInclude Include="..\include\mc.h">
      <Filter>Header Files</Filter>
    </ClInclude>
    <ClInclude Include="..\include\md5.h">
      <Filter>Header Files</Filter>
    </ClInclude>
    <ClInclude Include="..\include\motion.h">
      <Filter>Header Files</Filter>
    </ClInclude>
    <ClInclude Include="..\include\mv.h">
      <Filter>Header Files</Filter>
    </ClInclude>
    <ClInclude Include="..\include\nal.h">
      <Filter>Header Files</Filter>
    </ClInclude>
    <ClInclude Include="..\include\param.h">
      <Filter>Header Files</Filter>
    </ClInclude>
    <ClInclude Include="..\include\piclist.h">
      <Filter>Header Files</Filter>
    </ClInclude>
    <ClInclude Include="..\include\picyuv.h">
      <Filter>Header Files</Filter>
    </ClInclude>
    <ClInclude Include="..\include\pixel.h">
      <Filter>Header Files</Filter>
    </ClInclude>
    <ClInclude Include="..\include\pixel-util.h">
      <Filter>Header Files</Filter>
    </ClInclude>
    <ClInclude Include="..\include\predict.h">
      <Filter>Header Files</Filter>
    </ClInclude>
    <ClInclude Include="..\include\primitives.h">
      <Filter>Header Files</Filter>
    </ClInclude>
    <ClInclude Include="..\include\quant.h">
      <Filter>Header Files</Filter>
    </ClInclude>
    <ClInclude Include="..\include\ratecontrol.h">
      <Filter>Header Files</Filter>
    </ClInclude>
    <ClInclude Include="..\include\rdcost.h">
      <Filter>Header Files</Filter>
    </ClInclude>
    <ClInclude Include="..\include\reference.h">
      <Filter>Header Files</Filter>
    </ClInclude>
    <ClInclude Include="..\include\sao.h">
      <Filter>Header Files</Filter>
    </ClInclude>
    <ClInclude Include="..\include\scalinglist.h">
      <Filter>Header Files</Filter>
    </ClInclude>
    <ClInclude Include="..\include\search.h">
      <Filter>Header Files</Filter>
    </ClInclude>
    <ClInclude Include="..\include\sei.h">
      <Filter>Header Files</Filter>
    </ClInclude>
    <ClInclude Include="..\include\shortyuv.h">
      <Filter>Header Files</Filter>
    </ClInclude>
    <ClInclude Include="..\include\slice.h">
      <Filter>Header Files</Filter>
    </ClInclude>
    <ClInclude Include="..\include\slicetype.h">
      <Filter>Header Files</Filter>
    </ClInclude>
    <ClInclude Include="..\include\threading.h">
      <Filter>Header Files</Filter>
    </ClInclude>
    <ClInclude Include="..\include\threadpool.h">
      <Filter>Header Files</Filter>
    </ClInclude>
    <ClInclude Include="..\include\wavefront.h">
      <Filter>Header Files</Filter>
    </ClInclude>
    <ClInclude Include="..\include\winxp.h">
      <Filter>Header Files</Filter>
    </ClInclude>
    <ClInclude Include="..\include\yuv.h">
      <Filter>Header Files</Filter>
    </ClInclude>
    <ClInclude Include="..\output\output.h">
      <Filter>output</Filter>
    </ClInclude>
    <ClInclude Include="..\output\raw.h">
      <Filter>output</Filter>
    </ClInclude>
    <ClInclude Include="..\output\reconplay.h">
      <Filter>output</Filter>
    </ClInclude>
    <ClInclude Include="..\input\input.h">
      <Filter>input</Filter>
    </ClInclude>
    <ClInclude Include="..\output\outputyuv.h">
      <Filter>output</Filter>
    </ClInclude>
    <ClInclude Include="..\output\outputy4m.h">
      <Filter>output</Filter>
    </ClInclude>
    <ClInclude Include="..\input\inputyuv.h">
      <Filter>input</Filter>
    </ClInclude>
    <ClInclude Include="..\input\inputy4m.h">
      <Filter>input</Filter>
    </ClInclude>
  </ItemGroup>
  <ItemGroup>
    <YASM Include="..\src\blockcopy8.asm">
      <Filter>asm</Filter>
    </YASM>
    <YASM Include="..\src\const-a.asm">
      <Filter>asm</Filter>
    </YASM>
    <YASM Include="..\src\dct8.asm">
      <Filter>asm</Filter>
    </YASM>
    <YASM Include="..\src\intrapred8.asm">
      <Filter>asm</Filter>
    </YASM>
    <YASM Include="..\src\intrapred8_allangs.asm">
      <Filter>asm</Filter>
    </YASM>
    <YASM Include="..\src\ipfilter8.asm">
      <Filter>asm</Filter>
    </YASM>
    <YASM Include="..\src\loopfilter.asm">
      <Filter>asm</Filter>
    </YASM>
    <YASM Include="..\src\mc-a.asm">
      <Filter>asm</Filter>
    </YASM>
    <YASM Include="..\src\mc-a2.asm">
      <Filter>asm</Filter>
    </YASM>
    <YASM Include="..\src\pixel-32.asm">
      <Filter>asm</Filter>
    </YASM>
    <YASM Include="..\src\pixel-a.asm">
      <Filter>asm</Filter>
    </YASM>
    <YASM Include="..\src\pixeladd8.asm">
      <Filter>asm</Filter>
    </YASM>
    <YASM Include="..\src\pixel-util8.asm">
      <Filter>asm</Filter>
    </YASM>
    <YASM Include="..\src\sad-a.asm">
      <Filter>asm</Filter>
    </YASM>
    <YASM Include="..\src\ssd-a.asm">
      <Filter>asm</Filter>
    </YASM>
    <YASM Include="..\src\x86inc.asm">
      <Filter>asm</Filter>
    </YASM>
    <YASM Include="..\src\x86util.asm">
      <Filter>asm</Filter>
    </YASM>
  </ItemGroup>
</Project>