// !$*UTF8*$!
{
	archiveVersion = 1;
	classes = {
	};
	objectVersion = 46;
	objects = {

/* Begin PBXBuildFile section */
		424A1ED21B0642A70038B04B /* MyGLView.m in Sources */ = {isa = PBXBuildFile; fileRef = 424A1ECD1B0642A70038B04B /* MyGLView.m */; };
		424A1ED31B0642A70038B04B /* compute.ocl in Resources */ = {isa = PBXBuildFile; fileRef = 424A1ECF1B0642A70038B04B /* compute.ocl */; };
		424A1ED41B0642A70038B04B /* shader.fsh in Resources */ = {isa = PBXBuildFile; fileRef = 424A1ED01B0642A70038B04B /* shader.fsh */; };
		424A1ED51B0642A70038B04B /* shader.vsh in Resources */ = {isa = PBXBuildFile; fileRef = 424A1ED11B0642A70038B04B /* shader.vsh */; };
		424A1ED91B0652A30038B04B /* image.png in Resources */ = {isa = PBXBuildFile; fileRef = 424A1ED81B0652A30038B04B /* image.png */; };
		42AA34761B0623E400C2A870 /* AppDelegate.m in Sources */ = {isa = PBXBuildFile; fileRef = 42AA34751B0623E400C2A870 /* AppDelegate.m */; };
		42AA34781B0623E400C2A870 /* main.m in Sources */ = {isa = PBXBuildFile; fileRef = 42AA34771B0623E400C2A870 /* main.m */; };
		42AA347A1B0623E400C2A870 /* Images.xcassets in Resources */ = {isa = PBXBuildFile; fileRef = 42AA34791B0623E400C2A870 /* Images.xcassets */; };
		42AA347D1B0623E400C2A870 /* MainMenu.xib in Resources */ = {isa = PBXBuildFile; fileRef = 42AA347B1B0623E400C2A870 /* MainMenu.xib */; };
		42AA34891B0623E400C2A870 /* CLGLTextureTests.m in Sources */ = {isa = PBXBuildFile; fileRef = 42AA34881B0623E400C2A870 /* CLGLTextureTests.m */; };
/* End PBXBuildFile section */

/* Begin PBXContainerItemProxy section */
		42AA34831B0623E400C2A870 /* PBXContainerItemProxy */ = {
			isa = PBXContainerItemProxy;
			containerPortal = 42AA34671B0623E400C2A870 /* Project object */;
			proxyType = 1;
			remoteGlobalIDString = 42AA346E1B0623E400C2A870;
			remoteInfo = CLGLTexture;
		};
/* End PBXContainerItemProxy section */

/* Begin PBXFileReference section */
		424A1ECC1B0642A70038B04B /* MyGLView.h */ = {isa = PBXFileReference; fileEncoding = 4; lastKnownFileType = sourcecode.c.h; path = MyGLView.h; sourceTree = "<group>"; };
		424A1ECD1B0642A70038B04B /* MyGLView.m */ = {isa = PBXFileReference; fileEncoding = 4; lastKnownFileType = sourcecode.c.objc; path = MyGLView.m; sourceTree = "<group>"; };
		424A1ECF1B0642A70038B04B /* compute.ocl */ = {isa = PBXFileReference; fileEncoding = 4; lastKnownFileType = text; path = compute.ocl; sourceTree = "<group>"; xcLanguageSpecificationIdentifier = xcode.lang.opencl; };
		424A1ED01B0642A70038B04B /* shader.fsh */ = {isa = PBXFileReference; fileEncoding = 4; lastKnownFileType = sourcecode.glsl; path = shader.fsh; sourceTree = "<group>"; };
		424A1ED11B0642A70038B04B /* shader.vsh */ = {isa = PBXFileReference; fileEncoding = 4; lastKnownFileType = sourcecode.glsl; path = shader.vsh; sourceTree = "<group>"; };
		424A1ED81B0652A30038B04B /* image.png */ = {isa = PBXFileReference; lastKnownFileType = image.png; path = image.png; sourceTree = "<group>"; };
		42AA346F1B0623E400C2A870 /* CLGLTexture.app */ = {isa = PBXFileReference; explicitFileType = wrapper.application; includeInIndex = 0; path = CLGLTexture.app; sourceTree = BUILT_PRODUCTS_DIR; };
		42AA34731B0623E400C2A870 /* Info.plist */ = {isa = PBXFileReference; lastKnownFileType = text.plist.xml; path = Info.plist; sourceTree = "<group>"; };
		42AA34741B0623E400C2A870 /* AppDelegate.h */ = {isa = PBXFileReference; lastKnownFileType = sourcecode.c.h; path = AppDelegate.h; sourceTree = "<group>"; };
		42AA34751B0623E400C2A870 /* AppDelegate.m */ = {isa = PBXFileReference; lastKnownFileType = sourcecode.c.objc; path = AppDelegate.m; sourceTree = "<group>"; };
		42AA34771B0623E400C2A870 /* main.m */ = {isa = PBXFileReference; lastKnownFileType = sourcecode.c.objc; path = main.m; sourceTree = "<group>"; };
		42AA34791B0623E400C2A870 /* Images.xcassets */ = {isa = PBXFileReference; lastKnownFileType = folder.assetcatalog; path = Images.xcassets; sourceTree = "<group>"; };
		42AA347C1B0623E400C2A870 /* Base */ = {isa = PBXFileReference; lastKnownFileType = file.xib; name = Base; path = Base.lproj/MainMenu.xib; sourceTree = "<group>"; };
		42AA34821B0623E400C2A870 /* CLGLTextureTests.xctest */ = {isa = PBXFileReference; explicitFileType = wrapper.cfbundle; includeInIndex = 0; path = CLGLTextureTests.xctest; sourceTree = BUILT_PRODUCTS_DIR; };
		42AA34871B0623E400C2A870 /* Info.plist */ = {isa = PBXFileReference; lastKnownFileType = text.plist.xml; path = Info.plist; sourceTree = "<group>"; };
		42AA34881B0623E400C2A870 /* CLGLTextureTests.m */ = {isa = PBXFileReference; lastKnownFileType = sourcecode.c.objc; path = CLGLTextureTests.m; sourceTree = "<group>"; };
/* End PBXFileReference section */

/* Begin PBXFrameworksBuildPhase section */
		42AA346C1B0623E400C2A870 /* Frameworks */ = {
			isa = PBXFrameworksBuildPhase;
			buildActionMask = 2147483647;
			files = (
			);
			runOnlyForDeploymentPostprocessing = 0;
		};
		42AA347F1B0623E400C2A870 /* Frameworks */ = {
			isa = PBXFrameworksBuildPhase;
			buildActionMask = 2147483647;
			files = (
			);
			runOnlyForDeploymentPostprocessing = 0;
		};
/* End PBXFrameworksBuildPhase section */

/* Begin PBXGroup section */
		424A1ECE1B0642A70038B04B /* shaders */ = {
			isa = PBXGroup;
			children = (
				424A1ECF1B0642A70038B04B /* compute.ocl */,
				424A1ED01B0642A70038B04B /* shader.fsh */,
				424A1ED11B0642A70038B04B /* shader.vsh */,
			);
			path = shaders;
			sourceTree = "<group>";
		};
		424A1ED71B0652A30038B04B /* image */ = {
			isa = PBXGroup;
			children = (
				424A1ED81B0652A30038B04B /* image.png */,
			);
			path = image;
			sourceTree = "<group>";
		};
		42AA34661B0623E400C2A870 = {
			isa = PBXGroup;
			children = (
				42AA34711B0623E400C2A870 /* CLGLTexture */,
				42AA34851B0623E400C2A870 /* CLGLTextureTests */,
				42AA34701B0623E400C2A870 /* Products */,
			);
			sourceTree = "<group>";
		};
		42AA34701B0623E400C2A870 /* Products */ = {
			isa = PBXGroup;
			children = (
				42AA346F1B0623E400C2A870 /* CLGLTexture.app */,
				42AA34821B0623E400C2A870 /* CLGLTextureTests.xctest */,
			);
			name = Products;
			sourceTree = "<group>";
		};
		42AA34711B0623E400C2A870 /* CLGLTexture */ = {
			isa = PBXGroup;
			children = (
				424A1ED71B0652A30038B04B /* image */,
				424A1ECE1B0642A70038B04B /* shaders */,
				42AA34741B0623E400C2A870 /* AppDelegate.h */,
				42AA34751B0623E400C2A870 /* AppDelegate.m */,
				424A1ECC1B0642A70038B04B /* MyGLView.h */,
				424A1ECD1B0642A70038B04B /* MyGLView.m */,
				42AA34791B0623E400C2A870 /* Images.xcassets */,
				42AA347B1B0623E400C2A870 /* MainMenu.xib */,
				42AA34721B0623E400C2A870 /* Supporting Files */,
			);
			path = CLGLTexture;
			sourceTree = "<group>";
		};
		42AA34721B0623E400C2A870 /* Supporting Files */ = {
			isa = PBXGroup;
			children = (
				42AA34731B0623E400C2A870 /* Info.plist */,
				42AA34771B0623E400C2A870 /* main.m */,
			);
			name = "Supporting Files";
			sourceTree = "<group>";
		};
		42AA34851B0623E400C2A870 /* CLGLTextureTests */ = {
			isa = PBXGroup;
			children = (
				42AA34881B0623E400C2A870 /* CLGLTextureTests.m */,
				42AA34861B0623E400C2A870 /* Supporting Files */,
			);
			path = CLGLTextureTests;
			sourceTree = "<group>";
		};
		42AA34861B0623E400C2A870 /* Supporting Files */ = {
			isa = PBXGroup;
			children = (
				42AA34871B0623E400C2A870 /* Info.plist */,
			);
			name = "Supporting Files";
			sourceTree = "<group>";
		};
/* End PBXGroup section */

/* Begin PBXNativeTarget section */
		42AA346E1B0623E400C2A870 /* CLGLTexture */ = {
			isa = PBXNativeTarget;
			buildConfigurationList = 42AA348C1B0623E400C2A870 /* Build configuration list for PBXNativeTarget "CLGLTexture" */;
			buildPhases = (
				42AA346B1B0623E400C2A870 /* Sources */,
				42AA346C1B0623E400C2A870 /* Frameworks */,
				42AA346D1B0623E400C2A870 /* Resources */,
			);
			buildRules = (
			);
			dependencies = (
			);
			name = CLGLTexture;
			productName = CLGLTexture;
			productReference = 42AA346F1B0623E400C2A870 /* CLGLTexture.app */;
			productType = "com.apple.product-type.application";
		};
		42AA34811B0623E400C2A870 /* CLGLTextureTests */ = {
			isa = PBXNativeTarget;
			buildConfigurationList = 42AA348F1B0623E400C2A870 /* Build configuration list for PBXNativeTarget "CLGLTextureTests" */;
			buildPhases = (
				42AA347E1B0623E400C2A870 /* Sources */,
				42AA347F1B0623E400C2A870 /* Frameworks */,
				42AA34801B0623E400C2A870 /* Resources */,
			);
			buildRules = (
			);
			dependencies = (
				42AA34841B0623E400C2A870 /* PBXTargetDependency */,
			);
			name = CLGLTextureTests;
			productName = CLGLTextureTests;
			productReference = 42AA34821B0623E400C2A870 /* CLGLTextureTests.xctest */;
			productType = "com.apple.product-type.bundle.unit-test";
		};
/* End PBXNativeTarget section */

/* Begin PBXProject section */
		42AA34671B0623E400C2A870 /* Project object */ = {
			isa = PBXProject;
			attributes = {
				LastUpgradeCheck = 0630;
				ORGANIZATIONNAME = "GreenGames Studio";
				TargetAttributes = {
					42AA346E1B0623E400C2A870 = {
						CreatedOnToolsVersion = 6.3.1;
					};
					42AA34811B0623E400C2A870 = {
						CreatedOnToolsVersion = 6.3.1;
						TestTargetID = 42AA346E1B0623E400C2A870;
					};
				};
			};
			buildConfigurationList = 42AA346A1B0623E400C2A870 /* Build configuration list for PBXProject "CLGLTexture" */;
			compatibilityVersion = "Xcode 3.2";
			developmentRegion = English;
			hasScannedForEncodings = 0;
			knownRegions = (
				en,
				Base,
			);
			mainGroup = 42AA34661B0623E400C2A870;
			productRefGroup = 42AA34701B0623E400C2A870 /* Products */;
			projectDirPath = "";
			projectRoot = "";
			targets = (
				42AA346E1B0623E400C2A870 /* CLGLTexture */,
				42AA34811B0623E400C2A870 /* CLGLTextureTests */,
			);
		};
/* End PBXProject section */

/* Begin PBXResourcesBuildPhase section */
		42AA346D1B0623E400C2A870 /* Resources */ = {
			isa = PBXResourcesBuildPhase;
			buildActionMask = 2147483647;
			files = (
				424A1ED51B0642A70038B04B /* shader.vsh in Resources */,
				424A1ED41B0642A70038B04B /* shader.fsh in Resources */,
				424A1ED31B0642A70038B04B /* compute.ocl in Resources */,
				42AA347A1B0623E400C2A870 /* Images.xcassets in Resources */,
				42AA347D1B0623E400C2A870 /* MainMenu.xib in Resources */,
				424A1ED91B0652A30038B04B /* image.png in Resources */,
			);
			runOnlyForDeploymentPostprocessing = 0;
		};
		42AA34801B0623E400C2A870 /* Resources */ = {
			isa = PBXResourcesBuildPhase;
			buildActionMask = 2147483647;
			files = (
			);
			runOnlyForDeploymentPostprocessing = 0;
		};
/* End PBXResourcesBuildPhase section */

/* Begin PBXSourcesBuildPhase section */
		42AA346B1B0623E400C2A870 /* Sources */ = {
			isa = PBXSourcesBuildPhase;
			buildActionMask = 2147483647;
			files = (
				42AA34781B0623E400C2A870 /* main.m in Sources */,
				424A1ED21B0642A70038B04B /* MyGLView.m in Sources */,
				42AA34761B0623E400C2A870 /* AppDelegate.m in Sources */,
			);
			runOnlyForDeploymentPostprocessing = 0;
		};
		42AA347E1B0623E400C2A870 /* Sources */ = {
			isa = PBXSourcesBuildPhase;
			buildActionMask = 2147483647;
			files = (
				42AA34891B0623E400C2A870 /* CLGLTextureTests.m in Sources */,
			);
			runOnlyForDeploymentPostprocessing = 0;
		};
/* End PBXSourcesBuildPhase section */

/* Begin PBXTargetDependency section */
		42AA34841B0623E400C2A870 /* PBXTargetDependency */ = {
			isa = PBXTargetDependency;
			target = 42AA346E1B0623E400C2A870 /* CLGLTexture */;
			targetProxy = 42AA34831B0623E400C2A870 /* PBXContainerItemProxy */;
		};
/* End PBXTargetDependency section */

/* Begin PBXVariantGroup section */
		42AA347B1B0623E400C2A870 /* MainMenu.xib */ = {
			isa = PBXVariantGroup;
			children = (
				42AA347C1B0623E400C2A870 /* Base */,
			);
			name = MainMenu.xib;
			sourceTree = "<group>";
		};
/* End PBXVariantGroup section */

/* Begin XCBuildConfiguration section */
		42AA348A1B0623E400C2A870 /* Debug */ = {
			isa = XCBuildConfiguration;
			buildSettings = {
				ALWAYS_SEARCH_USER_PATHS = NO;
				CLANG_CXX_LANGUAGE_STANDARD = "gnu++0x";
				CLANG_CXX_LIBRARY = "libc++";
				CLANG_ENABLE_MODULES = YES;
				CLANG_ENABLE_OBJC_ARC = YES;
				CLANG_WARN_BOOL_CONVERSION = YES;
				CLANG_WARN_CONSTANT_CONVERSION = YES;
				CLANG_WARN_DIRECT_OBJC_ISA_USAGE = YES_ERROR;
				CLANG_WARN_EMPTY_BODY = YES;
				CLANG_WARN_ENUM_CONVERSION = YES;
				CLANG_WARN_INT_CONVERSION = YES;
				CLANG_WARN_OBJC_ROOT_CLASS = YES_ERROR;
				CLANG_WARN_UNREACHABLE_CODE = YES;
				CLANG_WARN__DUPLICATE_METHOD_MATCH = YES;
				CODE_SIGN_IDENTITY = "-";
				COPY_PHASE_STRIP = NO;
				DEBUG_INFORMATION_FORMAT = dwarf;
				ENABLE_STRICT_OBJC_MSGSEND = YES;
				GCC_C_LANGUAGE_STANDARD = gnu99;
				GCC_DYNAMIC_NO_PIC = NO;
				GCC_NO_COMMON_BLOCKS = YES;
				GCC_OPTIMIZATION_LEVEL = 0;
				GCC_PREPROCESSOR_DEFINITIONS = (
					"DEBUG=1",
					"$(inherited)",
				);
				GCC_SYMBOLS_PRIVATE_EXTERN = NO;
				GCC_WARN_64_TO_32_BIT_CONVERSION = YES;
				GCC_WARN_ABOUT_RETURN_TYPE = YES_ERROR;
				GCC_WARN_UNDECLARED_SELECTOR = YES;
				GCC_WARN_UNINITIALIZED_AUTOS = YES_AGGRESSIVE;
				GCC_WARN_UNUSED_FUNCTION = YES;
				GCC_WARN_UNUSED_VARIABLE = YES;
				MACOSX_DEPLOYMENT_TARGET = 10.10;
				MTL_ENABLE_DEBUG_INFO = YES;
				ONLY_ACTIVE_ARCH = YES;
				SDKROOT = macosx;
			};
			name = Debug;
		};
		42AA348B1B0623E400C2A870 /* Release */ = {
			isa = XCBuildConfiguration;
			buildSettings = {
				ALWAYS_SEARCH_USER_PATHS = NO;
				CLANG_CXX_LANGUAGE_STANDARD = "gnu++0x";
				CLANG_CXX_LIBRARY = "libc++";
				CLANG_ENABLE_MODULES = YES;
				CLANG_ENABLE_OBJC_ARC = YES;
				CLANG_WARN_BOOL_CONVERSION = YES;
				CLANG_WARN_CONSTANT_CONVERSION = YES;
				CLANG_WARN_DIRECT_OBJC_ISA_USAGE = YES_ERROR;
				CLANG_WARN_EMPTY_BODY = YES;
				CLANG_WARN_ENUM_CONVERSION = YES;
				CLANG_WARN_INT_CONVERSION = YES;
				CLANG_WARN_OBJC_ROOT_CLASS = YES_ERROR;
				CLANG_WARN_UNREACHABLE_CODE = YES;
				CLANG_WARN__DUPLICATE_METHOD_MATCH = YES;
				CODE_SIGN_IDENTITY = "-";
				COPY_PHASE_STRIP = NO;
				DEBUG_INFORMATION_FORMAT = "dwarf-with-dsym";
				ENABLE_NS_ASSERTIONS = NO;
				ENABLE_STRICT_OBJC_MSGSEND = YES;
				GCC_C_LANGUAGE_STANDARD = gnu99;
				GCC_NO_COMMON_BLOCKS = YES;
				GCC_WARN_64_TO_32_BIT_CONVERSION = YES;
				GCC_WARN_ABOUT_RETURN_TYPE = YES_ERROR;
				GCC_WARN_UNDECLARED_SELECTOR = YES;
				GCC_WARN_UNINITIALIZED_AUTOS = YES_AGGRESSIVE;
				GCC_WARN_UNUSED_FUNCTION = YES;
				GCC_WARN_UNUSED_VARIABLE = YES;
				MACOSX_DEPLOYMENT_TARGET = 10.10;
				MTL_ENABLE_DEBUG_INFO = NO;
				SDKROOT = macosx;
			};
			name = Release;
		};
		42AA348D1B0623E400C2A870 /* Debug */ = {
			isa = XCBuildConfiguration;
			buildSettings = {
				ASSETCATALOG_COMPILER_APPICON_NAME = AppIcon;
				CLANG_ENABLE_OBJC_ARC = NO;
				COMBINE_HIDPI_IMAGES = YES;
				GCC_C_LANGUAGE_STANDARD = gnu11;
				GCC_ENABLE_CPP_EXCEPTIONS = NO;
				GCC_ENABLE_CPP_RTTI = NO;
				GCC_ENABLE_OBJC_EXCEPTIONS = NO;
				INFOPLIST_FILE = CLGLTexture/Info.plist;
				LD_RUNPATH_SEARCH_PATHS = "$(inherited) @executable_path/../Frameworks";
				MACOSX_DEPLOYMENT_TARGET = 10.9;
				PRODUCT_NAME = "$(TARGET_NAME)";
			};
			name = Debug;
		};
		42AA348E1B0623E400C2A870 /* Release */ = {
			isa = XCBuildConfiguration;
			buildSettings = {
				ASSETCATALOG_COMPILER_APPICON_NAME = AppIcon;
				CLANG_ENABLE_OBJC_ARC = NO;
				COMBINE_HIDPI_IMAGES = YES;
				GCC_C_LANGUAGE_STANDARD = gnu11;
				GCC_ENABLE_CPP_EXCEPTIONS = NO;
				GCC_ENABLE_CPP_RTTI = NO;
				GCC_ENABLE_OBJC_EXCEPTIONS = NO;
				INFOPLIST_FILE = CLGLTexture/Info.plist;
				LD_RUNPATH_SEARCH_PATHS = "$(inherited) @executable_path/../Frameworks";
				MACOSX_DEPLOYMENT_TARGET = 10.9;
				PRODUCT_NAME = "$(TARGET_NAME)";
			};
			name = Release;
		};
		42AA34901B0623E400C2A870 /* Debug */ = {
			isa = XCBuildConfiguration;
			buildSettings = {
				BUNDLE_LOADER = "$(TEST_HOST)";
				COMBINE_HIDPI_IMAGES = YES;
				FRAMEWORK_SEARCH_PATHS = (
					"$(DEVELOPER_FRAMEWORKS_DIR)",
					"$(inherited)",
				);
				GCC_PREPROCESSOR_DEFINITIONS = (
					"DEBUG=1",
					"$(inherited)",
				);
				INFOPLIST_FILE = CLGLTextureTests/Info.plist;
				LD_RUNPATH_SEARCH_PATHS = "$(inherited) @executable_path/../Frameworks @loader_path/../Frameworks";
				PRODUCT_NAME = "$(TARGET_NAME)";
				TEST_HOST = "$(BUILT_PRODUCTS_DIR)/CLGLTexture.app/Contents/MacOS/CLGLTexture";
			};
			name = Debug;
		};
		42AA34911B0623E400C2A870 /* Release */ = {
			isa = XCBuildConfiguration;
			buildSettings = {
				BUNDLE_LOADER = "$(TEST_HOST)";
				COMBINE_HIDPI_IMAGES = YES;
				FRAMEWORK_SEARCH_PATHS = (
					"$(DEVELOPER_FRAMEWORKS_DIR)",
					"$(inherited)",
				);
				INFOPLIST_FILE = CLGLTextureTests/Info.plist;
				LD_RUNPATH_SEARCH_PATHS = "$(inherited) @executable_path/../Frameworks @loader_path/../Frameworks";
				PRODUCT_NAME = "$(TARGET_NAME)";
				TEST_HOST = "$(BUILT_PRODUCTS_DIR)/CLGLTexture.app/Contents/MacOS/CLGLTexture";
			};
			name = Release;
		};
/* End XCBuildConfiguration section */

/* Begin XCConfigurationList section */
		42AA346A1B0623E400C2A870 /* Build configuration list for PBXProject "CLGLTexture" */ = {
			isa = XCConfigurationList;
			buildConfigurations = (
				42AA348A1B0623E400C2A870 /* Debug */,
				42AA348B1B0623E400C2A870 /* Release */,
			);
			defaultConfigurationIsVisible = 0;
			defaultConfigurationName = Release;
		};
		42AA348C1B0623E400C2A870 /* Build configuration list for PBXNativeTarget "CLGLTexture" */ = {
			isa = XCConfigurationList;
			buildConfigurations = (
				42AA348D1B0623E400C2A870 /* Debug */,
				42AA348E1B0623E400C2A870 /* Release */,
			);
			defaultConfigurationIsVisible = 0;
			defaultConfigurationName = Release;
		};
		42AA348F1B0623E400C2A870 /* Build configuration list for PBXNativeTarget "CLGLTextureTests" */ = {
			isa = XCConfigurationList;
			buildConfigurations = (
				42AA34901B0623E400C2A870 /* Debug */,
				42AA34911B0623E400C2A870 /* Release */,
			);
			defaultConfigurationIsVisible = 0;
			defaultConfigurationName = Release;
		};
/* End XCConfigurationList section */
	};
	rootObject = 42AA34671B0623E400C2A870 /* Project object */;
}
